// !$*UTF8*$!
{
	archiveVersion = 1;
	classes = {
	};
	objectVersion = 46;
	objects = {

/* Begin PBXBuildFile section */
		1D868C67196C6A1F008BC642 /* Foundation.framework in Frameworks */ = {isa = PBXBuildFile; fileRef = 1D868C66196C6A1F008BC642 /* Foundation.framework */; };
		1D868C69196C6A1F008BC642 /* CoreGraphics.framework in Frameworks */ = {isa = PBXBuildFile; fileRef = 1D868C68196C6A1F008BC642 /* CoreGraphics.framework */; };
		1D868C6B196C6A1F008BC642 /* UIKit.framework in Frameworks */ = {isa = PBXBuildFile; fileRef = 1D868C6A196C6A1F008BC642 /* UIKit.framework */; };
		1D868C71196C6A1F008BC642 /* InfoPlist.strings in Resources */ = {isa = PBXBuildFile; fileRef = 1D868C6F196C6A1F008BC642 /* InfoPlist.strings */; };
		1D868C73196C6A1F008BC642 /* main.m in Sources */ = {isa = PBXBuildFile; fileRef = 1D868C72196C6A1F008BC642 /* main.m */; };
		1D868C77196C6A1F008BC642 /* AppDelegate.m in Sources */ = {isa = PBXBuildFile; fileRef = 1D868C76196C6A1F008BC642 /* AppDelegate.m */; };
		1D868C7A196C6A1F008BC642 /* Main.storyboard in Resources */ = {isa = PBXBuildFile; fileRef = 1D868C78196C6A1F008BC642 /* Main.storyboard */; };
		1D868C7D196C6A1F008BC642 /* ViewController.m in Sources */ = {isa = PBXBuildFile; fileRef = 1D868C7C196C6A1F008BC642 /* ViewController.m */; };
		1D868C7F196C6A1F008BC642 /* Images.xcassets in Resources */ = {isa = PBXBuildFile; fileRef = 1D868C7E196C6A1F008BC642 /* Images.xcassets */; };
		1D868C86196C6A1F008BC642 /* XCTest.framework in Frameworks */ = {isa = PBXBuildFile; fileRef = 1D868C85196C6A1F008BC642 /* XCTest.framework */; };
		1D868C87196C6A1F008BC642 /* Foundation.framework in Frameworks */ = {isa = PBXBuildFile; fileRef = 1D868C66196C6A1F008BC642 /* Foundation.framework */; };
		1D868C88196C6A1F008BC642 /* UIKit.framework in Frameworks */ = {isa = PBXBuildFile; fileRef = 1D868C6A196C6A1F008BC642 /* UIKit.framework */; };
		1D868C90196C6A1F008BC642 /* InfoPlist.strings in Resources */ = {isa = PBXBuildFile; fileRef = 1D868C8E196C6A1F008BC642 /* InfoPlist.strings */; };
		1D868C92196C6A1F008BC642 /* ParseDemoTests.m in Sources */ = {isa = PBXBuildFile; fileRef = 1D868C91196C6A1F008BC642 /* ParseDemoTests.m */; };
/* End PBXBuildFile section */

/* Begin PBXContainerItemProxy section */
		1D868C89196C6A1F008BC642 /* PBXContainerItemProxy */ = {
			isa = PBXContainerItemProxy;
			containerPortal = 1D868C5B196C6A1F008BC642 /* Project object */;
			proxyType = 1;
			remoteGlobalIDString = 1D868C62196C6A1F008BC642;
			remoteInfo = ParseDemo;
		};
/* End PBXContainerItemProxy section */

/* Begin PBXFileReference section */
		1D868C63196C6A1F008BC642 /* ParseDemo.app */ = {isa = PBXFileReference; explicitFileType = wrapper.application; includeInIndex = 0; path = ParseDemo.app; sourceTree = BUILT_PRODUCTS_DIR; };
		1D868C66196C6A1F008BC642 /* Foundation.framework */ = {isa = PBXFileReference; lastKnownFileType = wrapper.framework; name = Foundation.framework; path = System/Library/Frameworks/Foundation.framework; sourceTree = SDKROOT; };
		1D868C68196C6A1F008BC642 /* CoreGraphics.framework */ = {isa = PBXFileReference; lastKnownFileType = wrapper.framework; name = CoreGraphics.framework; path = System/Library/Frameworks/CoreGraphics.framework; sourceTree = SDKROOT; };
		1D868C6A196C6A1F008BC642 /* UIKit.framework */ = {isa = PBXFileReference; lastKnownFileType = wrapper.framework; name = UIKit.framework; path = System/Library/Frameworks/UIKit.framework; sourceTree = SDKROOT; };
		1D868C6E196C6A1F008BC642 /* ParseDemo-Info.plist */ = {isa = PBXFileReference; lastKnownFileType = text.plist.xml; path = "ParseDemo-Info.plist"; sourceTree = "<group>"; };
		1D868C70196C6A1F008BC642 /* en */ = {isa = PBXFileReference; lastKnownFileType = text.plist.strings; name = en; path = en.lproj/InfoPlist.strings; sourceTree = "<group>"; };
		1D868C72196C6A1F008BC642 /* main.m */ = {isa = PBXFileReference; lastKnownFileType = sourcecode.c.objc; path = main.m; sourceTree = "<group>"; };
		1D868C74196C6A1F008BC642 /* ParseDemo-Prefix.pch */ = {isa = PBXFileReference; lastKnownFileType = sourcecode.c.h; path = "ParseDemo-Prefix.pch"; sourceTree = "<group>"; };
		1D868C75196C6A1F008BC642 /* AppDelegate.h */ = {isa = PBXFileReference; lastKnownFileType = sourcecode.c.h; path = AppDelegate.h; sourceTree = "<group>"; };
		1D868C76196C6A1F008BC642 /* AppDelegate.m */ = {isa = PBXFileReference; lastKnownFileType = sourcecode.c.objc; path = AppDelegate.m; sourceTree = "<group>"; };
		1D868C79196C6A1F008BC642 /* Base */ = {isa = PBXFileReference; lastKnownFileType = file.storyboard; name = Base; path = Base.lproj/Main.storyboard; sourceTree = "<group>"; };
		1D868C7B196C6A1F008BC642 /* ViewController.h */ = {isa = PBXFileReference; lastKnownFileType = sourcecode.c.h; path = ViewController.h; sourceTree = "<group>"; };
		1D868C7C196C6A1F008BC642 /* ViewController.m */ = {isa = PBXFileReference; lastKnownFileType = sourcecode.c.objc; path = ViewController.m; sourceTree = "<group>"; };
		1D868C7E196C6A1F008BC642 /* Images.xcassets */ = {isa = PBXFileReference; lastKnownFileType = folder.assetcatalog; path = Images.xcassets; sourceTree = "<group>"; };
		1D868C84196C6A1F008BC642 /* ParseDemoTests.xctest */ = {isa = PBXFileReference; explicitFileType = wrapper.cfbundle; includeInIndex = 0; path = ParseDemoTests.xctest; sourceTree = BUILT_PRODUCTS_DIR; };
		1D868C85196C6A1F008BC642 /* XCTest.framework */ = {isa = PBXFileReference; lastKnownFileType = wrapper.framework; name = XCTest.framework; path = Library/Frameworks/XCTest.framework; sourceTree = DEVELOPER_DIR; };
		1D868C8D196C6A1F008BC642 /* ParseDemoTests-Info.plist */ = {isa = PBXFileReference; lastKnownFileType = text.plist.xml; path = "ParseDemoTests-Info.plist"; sourceTree = "<group>"; };
		1D868C8F196C6A1F008BC642 /* en */ = {isa = PBXFileReference; lastKnownFileType = text.plist.strings; name = en; path = en.lproj/InfoPlist.strings; sourceTree = "<group>"; };
		1D868C91196C6A1F008BC642 /* ParseDemoTests.m */ = {isa = PBXFileReference; lastKnownFileType = sourcecode.c.objc; path = ParseDemoTests.m; sourceTree = "<group>"; };
/* End PBXFileReference section */

/* Begin PBXFrameworksBuildPhase section */
		1D868C60196C6A1F008BC642 /* Frameworks */ = {
			isa = PBXFrameworksBuildPhase;
			buildActionMask = 2147483647;
			files = (
				1D868C69196C6A1F008BC642 /* CoreGraphics.framework in Frameworks */,
				1D868C6B196C6A1F008BC642 /* UIKit.framework in Frameworks */,
				1D868C67196C6A1F008BC642 /* Foundation.framework in Frameworks */,
			);
			runOnlyForDeploymentPostprocessing = 0;
		};
		1D868C81196C6A1F008BC642 /* Frameworks */ = {
			isa = PBXFrameworksBuildPhase;
			buildActionMask = 2147483647;
			files = (
				1D868C86196C6A1F008BC642 /* XCTest.framework in Frameworks */,
				1D868C88196C6A1F008BC642 /* UIKit.framework in Frameworks */,
				1D868C87196C6A1F008BC642 /* Foundation.framework in Frameworks */,
			);
			runOnlyForDeploymentPostprocessing = 0;
		};
/* End PBXFrameworksBuildPhase section */

/* Begin PBXGroup section */
		1D868C5A196C6A1F008BC642 = {
			isa = PBXGroup;
			children = (
				1D868C6C196C6A1F008BC642 /* ParseDemo */,
				1D868C8B196C6A1F008BC642 /* ParseDemoTests */,
				1D868C65196C6A1F008BC642 /* Frameworks */,
				1D868C64196C6A1F008BC642 /* Products */,
			);
			sourceTree = "<group>";
		};
		1D868C64196C6A1F008BC642 /* Products */ = {
			isa = PBXGroup;
			children = (
				1D868C63196C6A1F008BC642 /* ParseDemo.app */,
				1D868C84196C6A1F008BC642 /* ParseDemoTests.xctest */,
			);
			name = Products;
			sourceTree = "<group>";
		};
		1D868C65196C6A1F008BC642 /* Frameworks */ = {
			isa = PBXGroup;
			children = (
				1D868C66196C6A1F008BC642 /* Foundation.framework */,
				1D868C68196C6A1F008BC642 /* CoreGraphics.framework */,
				1D868C6A196C6A1F008BC642 /* UIKit.framework */,
				1D868C85196C6A1F008BC642 /* XCTest.framework */,
			);
			name = Frameworks;
			sourceTree = "<group>";
		};
		1D868C6C196C6A1F008BC642 /* ParseDemo */ = {
			isa = PBXGroup;
			children = (
				1D868C75196C6A1F008BC642 /* AppDelegate.h */,
				1D868C76196C6A1F008BC642 /* AppDelegate.m */,
				1D868C78196C6A1F008BC642 /* Main.storyboard */,
				1D868C7B196C6A1F008BC642 /* ViewController.h */,
				1D868C7C196C6A1F008BC642 /* ViewController.m */,
				1D868C7E196C6A1F008BC642 /* Images.xcassets */,
				1D868C6D196C6A1F008BC642 /* Supporting Files */,
			);
			path = ParseDemo;
			sourceTree = "<group>";
		};
		1D868C6D196C6A1F008BC642 /* Supporting Files */ = {
			isa = PBXGroup;
			children = (
				1D868C6E196C6A1F008BC642 /* ParseDemo-Info.plist */,
				1D868C6F196C6A1F008BC642 /* InfoPlist.strings */,
				1D868C72196C6A1F008BC642 /* main.m */,
				1D868C74196C6A1F008BC642 /* ParseDemo-Prefix.pch */,
			);
			name = "Supporting Files";
			sourceTree = "<group>";
		};
		1D868C8B196C6A1F008BC642 /* ParseDemoTests */ = {
			isa = PBXGroup;
			children = (
				1D868C91196C6A1F008BC642 /* ParseDemoTests.m */,
				1D868C8C196C6A1F008BC642 /* Supporting Files */,
			);
			path = ParseDemoTests;
			sourceTree = "<group>";
		};
		1D868C8C196C6A1F008BC642 /* Supporting Files */ = {
			isa = PBXGroup;
			children = (
				1D868C8D196C6A1F008BC642 /* ParseDemoTests-Info.plist */,
				1D868C8E196C6A1F008BC642 /* InfoPlist.strings */,
			);
			name = "Supporting Files";
			sourceTree = "<group>";
		};
/* End PBXGroup section */

/* Begin PBXNativeTarget section */
		1D868C62196C6A1F008BC642 /* ParseDemo */ = {
			isa = PBXNativeTarget;
			buildConfigurationList = 1D868C95196C6A1F008BC642 /* Build configuration list for PBXNativeTarget "ParseDemo" */;
			buildPhases = (
				1D868C5F196C6A1F008BC642 /* Sources */,
				1D868C60196C6A1F008BC642 /* Frameworks */,
				1D868C61196C6A1F008BC642 /* Resources */,
			);
			buildRules = (
			);
			dependencies = (
			);
			name = ParseDemo;
			productName = ParseDemo;
			productReference = 1D868C63196C6A1F008BC642 /* ParseDemo.app */;
			productType = "com.apple.product-type.application";
		};
		1D868C83196C6A1F008BC642 /* ParseDemoTests */ = {
			isa = PBXNativeTarget;
			buildConfigurationList = 1D868C98196C6A1F008BC642 /* Build configuration list for PBXNativeTarget "ParseDemoTests" */;
			buildPhases = (
				1D868C80196C6A1F008BC642 /* Sources */,
				1D868C81196C6A1F008BC642 /* Frameworks */,
				1D868C82196C6A1F008BC642 /* Resources */,
			);
			buildRules = (
			);
			dependencies = (
				1D868C8A196C6A1F008BC642 /* PBXTargetDependency */,
			);
			name = ParseDemoTests;
			productName = ParseDemoTests;
			productReference = 1D868C84196C6A1F008BC642 /* ParseDemoTests.xctest */;
			productType = "com.apple.product-type.bundle.unit-test";
		};
/* End PBXNativeTarget section */

/* Begin PBXProject section */
		1D868C5B196C6A1F008BC642 /* Project object */ = {
			isa = PBXProject;
			attributes = {
				LastUpgradeCheck = 0510;
				ORGANIZATIONNAME = "Leen AlShenibr";
				TargetAttributes = {
					1D868C83196C6A1F008BC642 = {
						TestTargetID = 1D868C62196C6A1F008BC642;
					};
				};
			};
			buildConfigurationList = 1D868C5E196C6A1F008BC642 /* Build configuration list for PBXProject "ParseDemo" */;
			compatibilityVersion = "Xcode 3.2";
			developmentRegion = English;
			hasScannedForEncodings = 0;
			knownRegions = (
				en,
				Base,
			);
			mainGroup = 1D868C5A196C6A1F008BC642;
			productRefGroup = 1D868C64196C6A1F008BC642 /* Products */;
			projectDirPath = "";
			projectRoot = "";
			targets = (
				1D868C62196C6A1F008BC642 /* ParseDemo */,
				1D868C83196C6A1F008BC642 /* ParseDemoTests */,
			);
		};
/* End PBXProject section */

/* Begin PBXResourcesBuildPhase section */
		1D868C61196C6A1F008BC642 /* Resources */ = {
			isa = PBXResourcesBuildPhase;
			buildActionMask = 2147483647;
			files = (
				1D868C7F196C6A1F008BC642 /* Images.xcassets in Resources */,
				1D868C71196C6A1F008BC642 /* InfoPlist.strings in Resources */,
				1D868C7A196C6A1F008BC642 /* Main.storyboard in Resources */,
			);
			runOnlyForDeploymentPostprocessing = 0;
		};
		1D868C82196C6A1F008BC642 /* Resources */ = {
			isa = PBXResourcesBuildPhase;
			buildActionMask = 2147483647;
			files = (
				1D868C90196C6A1F008BC642 /* InfoPlist.strings in Resources */,
			);
			runOnlyForDeploymentPostprocessing = 0;
		};
/* End PBXResourcesBuildPhase section */

/* Begin PBXSourcesBuildPhase section */
		1D868C5F196C6A1F008BC642 /* Sources */ = {
			isa = PBXSourcesBuildPhase;
			buildActionMask = 2147483647;
			files = (
				1D868C7D196C6A1F008BC642 /* ViewController.m in Sources */,
				1D868C77196C6A1F008BC642 /* AppDelegate.m in Sources */,
				1D868C73196C6A1F008BC642 /* main.m in Sources */,
			);
			runOnlyForDeploymentPostprocessing = 0;
		};
		1D868C80196C6A1F008BC642 /* Sources */ = {
			isa = PBXSourcesBuildPhase;
			buildActionMask = 2147483647;
			files = (
				1D868C92196C6A1F008BC642 /* ParseDemoTests.m in Sources */,
			);
			runOnlyForDeploymentPostprocessing = 0;
		};
/* End PBXSourcesBuildPhase section */

/* Begin PBXTargetDependency section */
		1D868C8A196C6A1F008BC642 /* PBXTargetDependency */ = {
			isa = PBXTargetDependency;
			target = 1D868C62196C6A1F008BC642 /* ParseDemo */;
			targetProxy = 1D868C89196C6A1F008BC642 /* PBXContainerItemProxy */;
		};
/* End PBXTargetDependency section */

/* Begin PBXVariantGroup section */
		1D868C6F196C6A1F008BC642 /* InfoPlist.strings */ = {
			isa = PBXVariantGroup;
			children = (
				1D868C70196C6A1F008BC642 /* en */,
			);
			name = InfoPlist.strings;
			sourceTree = "<group>";
		};
		1D868C78196C6A1F008BC642 /* Main.storyboard */ = {
			isa = PBXVariantGroup;
			children = (
				1D868C79196C6A1F008BC642 /* Base */,
			);
			name = Main.storyboard;
			sourceTree = "<group>";
		};
		1D868C8E196C6A1F008BC642 /* InfoPlist.strings */ = {
			isa = PBXVariantGroup;
			children = (
				1D868C8F196C6A1F008BC642 /* en */,
			);
			name = InfoPlist.strings;
			sourceTree = "<group>";
		};
/* End PBXVariantGroup section */

/* Begin XCBuildConfiguration section */
		1D868C93196C6A1F008BC642 /* Debug */ = {
			isa = XCBuildConfiguration;
			buildSettings = {
				ALWAYS_SEARCH_USER_PATHS = NO;
				CLANG_CXX_LANGUAGE_STANDARD = "gnu++0x";
				CLANG_CXX_LIBRARY = "libc++";
				CLANG_ENABLE_MODULES = YES;
				CLANG_ENABLE_OBJC_ARC = YES;
				CLANG_WARN_BOOL_CONVERSION = YES;
				CLANG_WARN_CONSTANT_CONVERSION = YES;
				CLANG_WARN_DIRECT_OBJC_ISA_USAGE = YES_ERROR;
				CLANG_WARN_EMPTY_BODY = YES;
				CLANG_WARN_ENUM_CONVERSION = YES;
				CLANG_WARN_INT_CONVERSION = YES;
				CLANG_WARN_OBJC_ROOT_CLASS = YES_ERROR;
				CLANG_WARN__DUPLICATE_METHOD_MATCH = YES;
				"CODE_SIGN_IDENTITY[sdk=iphoneos*]" = "iPhone Developer";
				COPY_PHASE_STRIP = NO;
				GCC_C_LANGUAGE_STANDARD = gnu99;
				GCC_DYNAMIC_NO_PIC = NO;
				GCC_OPTIMIZATION_LEVEL = 0;
				GCC_PREPROCESSOR_DEFINITIONS = (
					"DEBUG=1",
					"$(inherited)",
				);
				GCC_SYMBOLS_PRIVATE_EXTERN = NO;
				GCC_WARN_64_TO_32_BIT_CONVERSION = YES;
				GCC_WARN_ABOUT_RETURN_TYPE = YES_ERROR;
				GCC_WARN_UNDECLARED_SELECTOR = YES;
				GCC_WARN_UNINITIALIZED_AUTOS = YES_AGGRESSIVE;
				GCC_WARN_UNUSED_FUNCTION = YES;
				GCC_WARN_UNUSED_VARIABLE = YES;
				IPHONEOS_DEPLOYMENT_TARGET = 7.1;
				ONLY_ACTIVE_ARCH = YES;
				SDKROOT = iphoneos;
			};
			name = Debug;
		};
		1D868C94196C6A1F008BC642 /* Release */ = {
			isa = XCBuildConfiguration;
			buildSettings = {
				ALWAYS_SEARCH_USER_PATHS = NO;
				CLANG_CXX_LANGUAGE_STANDARD = "gnu++0x";
				CLANG_CXX_LIBRARY = "libc++";
				CLANG_ENABLE_MODULES = YES;
				CLANG_ENABLE_OBJC_ARC = YES;
				CLANG_WARN_BOOL_CONVERSION = YES;
				CLANG_WARN_CONSTANT_CONVERSION = YES;
				CLANG_WARN_DIRECT_OBJC_ISA_USAGE = YES_ERROR;
				CLANG_WARN_EMPTY_BODY = YES;
				CLANG_WARN_ENUM_CONVERSION = YES;
				CLANG_WARN_INT_CONVERSION = YES;
				CLANG_WARN_OBJC_ROOT_CLASS = YES_ERROR;
				CLANG_WARN__DUPLICATE_METHOD_MATCH = YES;
				"CODE_SIGN_IDENTITY[sdk=iphoneos*]" = "iPhone Developer";
				COPY_PHASE_STRIP = YES;
				ENABLE_NS_ASSERTIONS = NO;
				GCC_C_LANGUAGE_STANDARD = gnu99;
				GCC_WARN_64_TO_32_BIT_CONVERSION = YES;
				GCC_WARN_ABOUT_RETURN_TYPE = YES_ERROR;
				GCC_WARN_UNDECLARED_SELECTOR = YES;
				GCC_WARN_UNINITIALIZED_AUTOS = YES_AGGRESSIVE;
				GCC_WARN_UNUSED_FUNCTION = YES;
				GCC_WARN_UNUSED_VARIABLE = YES;
				IPHONEOS_DEPLOYMENT_TARGET = 7.1;
				SDKROOT = iphoneos;
				VALIDATE_PRODUCT = YES;
			};
			name = Release;
		};
		1D868C96196C6A1F008BC642 /* Debug */ = {
			isa = XCBuildConfiguration;
			buildSettings = {
				ASSETCATALOG_COMPILER_APPICON_NAME = AppIcon;
				ASSETCATALOG_COMPILER_LAUNCHIMAGE_NAME = LaunchImage;
				GCC_PRECOMPILE_PREFIX_HEADER = YES;
				GCC_PREFIX_HEADER = "ParseDemo/ParseDemo-Prefix.pch";
				INFOPLIST_FILE = "ParseDemo/ParseDemo-Info.plist";
				PRODUCT_NAME = "$(TARGET_NAME)";
				WRAPPER_EXTENSION = app;
			};
			name = Debug;
		};
		1D868C97196C6A1F008BC642 /* Release */ = {
			isa = XCBuildConfiguration;
			buildSettings = {
				ASSETCATALOG_COMPILER_APPICON_NAME = AppIcon;
				ASSETCATALOG_COMPILER_LAUNCHIMAGE_NAME = LaunchImage;
				GCC_PRECOMPILE_PREFIX_HEADER = YES;
				GCC_PREFIX_HEADER = "ParseDemo/ParseDemo-Prefix.pch";
				INFOPLIST_FILE = "ParseDemo/ParseDemo-Info.plist";
				PRODUCT_NAME = "$(TARGET_NAME)";
				WRAPPER_EXTENSION = app;
			};
			name = Release;
		};
		1D868C99196C6A1F008BC642 /* Debug */ = {
			isa = XCBuildConfiguration;
			buildSettings = {
				BUNDLE_LOADER = "$(BUILT_PRODUCTS_DIR)/ParseDemo.app/ParseDemo";
				FRAMEWORK_SEARCH_PATHS = (
					"$(SDKROOT)/Developer/Library/Frameworks",
					"$(inherited)",
					"$(DEVELOPER_FRAMEWORKS_DIR)",
				);
				GCC_PRECOMPILE_PREFIX_HEADER = YES;
				GCC_PREFIX_HEADER = "ParseDemo/ParseDemo-Prefix.pch";
				GCC_PREPROCESSOR_DEFINITIONS = (
					"DEBUG=1",
					"$(inherited)",
				);
				INFOPLIST_FILE = "ParseDemoTests/ParseDemoTests-Info.plist";
				PRODUCT_NAME = "$(TARGET_NAME)";
				TEST_HOST = "$(BUNDLE_LOADER)";
				WRAPPER_EXTENSION = xctest;
			};
			name = Debug;
		};
		1D868C9A196C6A1F008BC642 /* Release */ = {
			isa = XCBuildConfiguration;
			buildSettings = {
				BUNDLE_LOADER = "$(BUILT_PRODUCTS_DIR)/ParseDemo.app/ParseDemo";
				FRAMEWORK_SEARCH_PATHS = (
					"$(SDKROOT)/Developer/Library/Frameworks",
					"$(inherited)",
					"$(DEVELOPER_FRAMEWORKS_DIR)",
				);
				GCC_PRECOMPILE_PREFIX_HEADER = YES;
				GCC_PREFIX_HEADER = "ParseDemo/ParseDemo-Prefix.pch";
				INFOPLIST_FILE = "ParseDemoTests/ParseDemoTests-Info.plist";
				PRODUCT_NAME = "$(TARGET_NAME)";
				TEST_HOST = "$(BUNDLE_LOADER)";
				WRAPPER_EXTENSION = xctest;
			};
			name = Release;
		};
/* End XCBuildConfiguration section */

/* Begin XCConfigurationList section */
		1D868C5E196C6A1F008BC642 /* Build configuration list for PBXProject "ParseDemo" */ = {
			isa = XCConfigurationList;
			buildConfigurations = (
				1D868C93196C6A1F008BC642 /* Debug */,
				1D868C94196C6A1F008BC642 /* Release */,
			);
			defaultConfigurationIsVisible = 0;
			defaultConfigurationName = Release;
		};
		1D868C95196C6A1F008BC642 /* Build configuration list for PBXNativeTarget "ParseDemo" */ = {
			isa = XCConfigurationList;
			buildConfigurations = (
				1D868C96196C6A1F008BC642 /* Debug */,
				1D868C97196C6A1F008BC642 /* Release */,
			);
			defaultConfigurationIsVisible = 0;
		};
		1D868C98196C6A1F008BC642 /* Build configuration list for PBXNativeTarget "ParseDemoTests" */ = {
			isa = XCConfigurationList;
			buildConfigurations = (
				1D868C99196C6A1F008BC642 /* Debug */,
				1D868C9A196C6A1F008BC642 /* Release */,
			);
			defaultConfigurationIsVisible = 0;
		};
/* End XCConfigurationList section */
	};
	rootObject = 1D868C5B196C6A1F008BC642 /* Project object */;
}
